
Microsoft Visual Studio Solution File, Format Version 12.00
# Visual Studio Version 17
VisualStudioVersion = 17.0.31612.314
MinimumVisualStudioVersion = 10.0.40219.1
Project("{FAE04EC0-301F-11D3-BF4B-00C04F79EFBC}") = "CYOA", "LostAdventure\CYOA.csproj", "{DB631315-F5BB-43C3-890F-0780F4F249A2}"
EndProject
Global
	GlobalSection(SolutionConfigurationPlatforms) = preSolution
		Debug|Any CPU = Debug|Any CPU
		Release|Any CPU = Release|Any CPU
	EndGlobalSection
	GlobalSection(ProjectConfigurationPlatforms) = postSolution
		{DB631315-F5BB-43C3-890F-0780F4F249A2}.Debug|Any CPU.ActiveCfg = Debug|Any CPU
		{DB631315-F5BB-43C3-890F-0780F4F249A2}.Debug|Any CPU.Build.0 = Debug|Any CPU
		{DB631315-F5BB-43C3-890F-0780F4F249A2}.Release|Any CPU.ActiveCfg = Release|Any CPU
		{DB631315-F5BB-43C3-890F-0780F4F249A2}.Release|Any CPU.Build.0 = Release|Any CPU
	EndGlobalSection
	GlobalSection(SolutionProperties) = preSolution
		HideSolutionNode = FALSE
	EndGlobalSection
	GlobalSection(ExtensibilityGlobals) = postSolution
		SolutionGuid = {096A0BC0-DB08-4279-BEF4-432E13226DB8}
	EndGlobalSection
EndGlobal
